
Microsoft Visual Studio Solution File, Format Version 12.00
# Visual Studio 15
VisualStudioVersion = 15.0.28307.168
MinimumVisualStudioVersion = 10.0.40219.1
Project("{FAE04EC0-301F-11D3-BF4B-00C04F79EFBC}") = "ReadWriteLockDemo", "ReadWriteLockDemo\ReadWriteLockDemo.csproj", "{C3FF8061-33AF-48C5-ADC1-7A853310EBE8}"
EndProject
Global
	GlobalSection(SolutionConfigurationPlatforms) = preSolution
		Debug|Any CPU = Debug|Any CPU
		Release|Any CPU = Release|Any CPU
	EndGlobalSection
	GlobalSection(ProjectConfigurationPlatforms) = postSolution
		{C3FF8061-33AF-48C5-ADC1-7A853310EBE8}.Debug|Any CPU.ActiveCfg = Debug|Any CPU
		{C3FF8061-33AF-48C5-ADC1-7A853310EBE8}.Debug|Any CPU.Build.0 = Debug|Any CPU
		{C3FF8061-33AF-48C5-ADC1-7A853310EBE8}.Release|Any CPU.ActiveCfg = Release|Any CPU
		{C3FF8061-33AF-48C5-ADC1-7A853310EBE8}.Release|Any CPU.Build.0 = Release|Any CPU
	EndGlobalSection
	GlobalSection(SolutionProperties) = preSolution
		HideSolutionNode = FALSE
	EndGlobalSection
	GlobalSection(ExtensibilityGlobals) = postSolution
		SolutionGuid = {D9A250B5-14B3-4F6F-9D62-8412DB86B52F}
	EndGlobalSection
EndGlobal
